
Microsoft Visual Studio Solution File, Format Version 12.00
# Visual Studio 14
VisualStudioVersion = 14.0.25420.1
MinimumVisualStudioVersion = 10.0.40219.1
Project("{2150E333-8FDC-42A3-9474-1A3956D46DE8}") = "01. API", "01. API", "{4C86E8ED-AE28-4A68-BE8B-C74E95EF2FAF}"
EndProject
Project("{2150E333-8FDC-42A3-9474-1A3956D46DE8}") = "02. Service", "02. Service", "{1BA2746D-3E08-4A66-B92D-E5E7177F940E}"
EndProject
Project("{2150E333-8FDC-42A3-9474-1A3956D46DE8}") = "03. Data", "03. Data", "{0CEC1C99-CD14-4E7B-A510-49EA53BB2380}"
EndProject
Project("{2150E333-8FDC-42A3-9474-1A3956D46DE8}") = "04. Share", "04. Share", "{45E61E2D-66EE-4E10-969A-D9452601A2AC}"
EndProject
Project("{FAE04EC0-301F-11D3-BF4B-00C04F79EFBC}") = "SMS.DAL", "03. Data\SMS.DAL\SMS.DAL.csproj", "{51AF2531-C0CD-4EA6-915C-42567777B9B5}"
EndProject
Project("{FAE04EC0-301F-11D3-BF4B-00C04F79EFBC}") = "SMS.Model", "03. Data\SMS.Model\SMS.Model.csproj", "{A229DE8D-6108-44ED-9B4C-4D6338EC1EDA}"
EndProject
Project("{FAE04EC0-301F-11D3-BF4B-00C04F79EFBC}") = "SMS.Service", "02. Service\SMS.Service\SMS.Service.csproj", "{49EF6857-320B-4FFB-B79A-B0719685B5B4}"
EndProject
Project("{FAE04EC0-301F-11D3-BF4B-00C04F79EFBC}") = "SMS.DTO", "02. Service\SMS.DTO\SMS.DTO.csproj", "{F9026681-509A-4B15-92C8-7CD94B0E6CEF}"
EndProject
Project("{FAE04EC0-301F-11D3-BF4B-00C04F79EFBC}") = "SMS.Shared", "04. Share\SMS.Shared\SMS.Shared.csproj", "{92A4CF89-8BBB-4D45-B6EF-2E459220AF1F}"
EndProject
Project("{FAE04EC0-301F-11D3-BF4B-00C04F79EFBC}") = "SMS.API", "SMS.API\SMS.API.csproj", "{19B9634E-10CF-429C-BE1B-F3FB2803051C}"
EndProject
Global
	GlobalSection(SolutionConfigurationPlatforms) = preSolution
		Debug|Any CPU = Debug|Any CPU
		Release|Any CPU = Release|Any CPU
	EndGlobalSection
	GlobalSection(ProjectConfigurationPlatforms) = postSolution
		{51AF2531-C0CD-4EA6-915C-42567777B9B5}.Debug|Any CPU.ActiveCfg = Debug|Any CPU
		{51AF2531-C0CD-4EA6-915C-42567777B9B5}.Debug|Any CPU.Build.0 = Debug|Any CPU
		{51AF2531-C0CD-4EA6-915C-42567777B9B5}.Release|Any CPU.ActiveCfg = Release|Any CPU
		{51AF2531-C0CD-4EA6-915C-42567777B9B5}.Release|Any CPU.Build.0 = Release|Any CPU
		{A229DE8D-6108-44ED-9B4C-4D6338EC1EDA}.Debug|Any CPU.ActiveCfg = Debug|Any CPU
		{A229DE8D-6108-44ED-9B4C-4D6338EC1EDA}.Debug|Any CPU.Build.0 = Debug|Any CPU
		{A229DE8D-6108-44ED-9B4C-4D6338EC1EDA}.Release|Any CPU.ActiveCfg = Release|Any CPU
		{A229DE8D-6108-44ED-9B4C-4D6338EC1EDA}.Release|Any CPU.Build.0 = Release|Any CPU
		{49EF6857-320B-4FFB-B79A-B0719685B5B4}.Debug|Any CPU.ActiveCfg = Debug|Any CPU
		{49EF6857-320B-4FFB-B79A-B0719685B5B4}.Debug|Any CPU.Build.0 = Debug|Any CPU
		{49EF6857-320B-4FFB-B79A-B0719685B5B4}.Release|Any CPU.ActiveCfg = Release|Any CPU
		{49EF6857-320B-4FFB-B79A-B0719685B5B4}.Release|Any CPU.Build.0 = Release|Any CPU
		{F9026681-509A-4B15-92C8-7CD94B0E6CEF}.Debug|Any CPU.ActiveCfg = Debug|Any CPU
		{F9026681-509A-4B15-92C8-7CD94B0E6CEF}.Debug|Any CPU.Build.0 = Debug|Any CPU
		{F9026681-509A-4B15-92C8-7CD94B0E6CEF}.Release|Any CPU.ActiveCfg = Release|Any CPU
		{F9026681-509A-4B15-92C8-7CD94B0E6CEF}.Release|Any CPU.Build.0 = Release|Any CPU
		{92A4CF89-8BBB-4D45-B6EF-2E459220AF1F}.Debug|Any CPU.ActiveCfg = Debug|Any CPU
		{92A4CF89-8BBB-4D45-B6EF-2E459220AF1F}.Debug|Any CPU.Build.0 = Debug|Any CPU
		{92A4CF89-8BBB-4D45-B6EF-2E459220AF1F}.Release|Any CPU.ActiveCfg = Release|Any CPU
		{92A4CF89-8BBB-4D45-B6EF-2E459220AF1F}.Release|Any CPU.Build.0 = Release|Any CPU
		{19B9634E-10CF-429C-BE1B-F3FB2803051C}.Debug|Any CPU.ActiveCfg = Debug|Any CPU
		{19B9634E-10CF-429C-BE1B-F3FB2803051C}.Debug|Any CPU.Build.0 = Debug|Any CPU
		{19B9634E-10CF-429C-BE1B-F3FB2803051C}.Release|Any CPU.ActiveCfg = Release|Any CPU
		{19B9634E-10CF-429C-BE1B-F3FB2803051C}.Release|Any CPU.Build.0 = Release|Any CPU
	EndGlobalSection
	GlobalSection(SolutionProperties) = preSolution
		HideSolutionNode = FALSE
	EndGlobalSection
	GlobalSection(NestedProjects) = preSolution
		{51AF2531-C0CD-4EA6-915C-42567777B9B5} = {0CEC1C99-CD14-4E7B-A510-49EA53BB2380}
		{A229DE8D-6108-44ED-9B4C-4D6338EC1EDA} = {0CEC1C99-CD14-4E7B-A510-49EA53BB2380}
		{49EF6857-320B-4FFB-B79A-B0719685B5B4} = {1BA2746D-3E08-4A66-B92D-E5E7177F940E}
		{F9026681-509A-4B15-92C8-7CD94B0E6CEF} = {1BA2746D-3E08-4A66-B92D-E5E7177F940E}
		{92A4CF89-8BBB-4D45-B6EF-2E459220AF1F} = {45E61E2D-66EE-4E10-969A-D9452601A2AC}
		{19B9634E-10CF-429C-BE1B-F3FB2803051C} = {4C86E8ED-AE28-4A68-BE8B-C74E95EF2FAF}
	EndGlobalSection
EndGlobal
